
Microsoft Visual Studio Solution File, Format Version 12.00
# Visual Studio Version 17
VisualStudioVersion = 17.7.34024.191
MinimumVisualStudioVersion = 10.0.40219.1
Project("{FAE04EC0-301F-11D3-BF4B-00C04F79EFBC}") = "MyFirstGitHubProject", "MyFirstGitHubProject\MyFirstGitHubProject.csproj", "{A63EA40F-A14F-46BF-9AD7-F713BE2B6930}"
EndProject
Global
	GlobalSection(SolutionConfigurationPlatforms) = preSolution
		Debug|Any CPU = Debug|Any CPU
		Release|Any CPU = Release|Any CPU
	EndGlobalSection
	GlobalSection(ProjectConfigurationPlatforms) = postSolution
		{A63EA40F-A14F-46BF-9AD7-F713BE2B6930}.Debug|Any CPU.ActiveCfg = Debug|Any CPU
		{A63EA40F-A14F-46BF-9AD7-F713BE2B6930}.Debug|Any CPU.Build.0 = Debug|Any CPU
		{A63EA40F-A14F-46BF-9AD7-F713BE2B6930}.Release|Any CPU.ActiveCfg = Release|Any CPU
		{A63EA40F-A14F-46BF-9AD7-F713BE2B6930}.Release|Any CPU.Build.0 = Release|Any CPU
	EndGlobalSection
	GlobalSection(SolutionProperties) = preSolution
		HideSolutionNode = FALSE
	EndGlobalSection
	GlobalSection(ExtensibilityGlobals) = postSolution
		SolutionGuid = {E7E87290-EC2F-440F-A28E-2F1AEF2651A4}
	EndGlobalSection
EndGlobal
